
Microsoft Visual Studio Solution File, Format Version 12.00
# Visual Studio 15
VisualStudioVersion = 15.0.28010.2048
MinimumVisualStudioVersion = 10.0.40219.1
Project("{FAE04EC0-301F-11D3-BF4B-00C04F79EFBC}") = "TheMeal", "TheMeal\TheMeal.csproj", "{E48FE13E-42F5-4503-BF83-1C37713F952A}"
EndProject
Global
	GlobalSection(SolutionConfigurationPlatforms) = preSolution
		Debug|Any CPU = Debug|Any CPU
		Release|Any CPU = Release|Any CPU
	EndGlobalSection
	GlobalSection(ProjectConfigurationPlatforms) = postSolution
		{E48FE13E-42F5-4503-BF83-1C37713F952A}.Debug|Any CPU.ActiveCfg = Debug|Any CPU
		{E48FE13E-42F5-4503-BF83-1C37713F952A}.Debug|Any CPU.Build.0 = Debug|Any CPU
		{E48FE13E-42F5-4503-BF83-1C37713F952A}.Release|Any CPU.ActiveCfg = Release|Any CPU
		{E48FE13E-42F5-4503-BF83-1C37713F952A}.Release|Any CPU.Build.0 = Release|Any CPU
	EndGlobalSection
	GlobalSection(SolutionProperties) = preSolution
		HideSolutionNode = FALSE
	EndGlobalSection
	GlobalSection(ExtensibilityGlobals) = postSolution
		SolutionGuid = {81DDB96B-CA9F-4841-8161-33C1CF03F9FE}
	EndGlobalSection
EndGlobal
